
Microsoft Visual Studio Solution File, Format Version 12.00
# Visual Studio Version 17
VisualStudioVersion = 17.5.33414.496
MinimumVisualStudioVersion = 10.0.40219.1
Project("{9A19103F-16F7-4668-BE54-9A1E7A4F7556}") = "TestProject", "..\TestProject\TestProject.csproj", "{8D703456-778A-4A43-AC1B-6BABF8679CFE}"
EndProject
Project("{2150E333-8FDC-42A3-9474-1A3956D46DE8}") = "Utlis", "Utlis", "{9E1EB8C9-BCDE-4C1A-A6C2-827A4548FB44}"
EndProject
Project("{9A19103F-16F7-4668-BE54-9A1E7A4F7556}") = "QLCC.Data", "..\QLCC.Data\QLCC.Data.csproj", "{4A15C17B-AD1C-4322-968B-7591FAF83364}"
EndProject
Project("{2150E333-8FDC-42A3-9474-1A3956D46DE8}") = "New Folder", "New Folder", "{8EE57E0F-44BB-4F9E-830C-46A8708AEC8C}"
EndProject
Project("{9A19103F-16F7-4668-BE54-9A1E7A4F7556}") = "Repository", "..\Repository\Repository.csproj", "{438232FD-D89B-41AA-A211-5FC31FA5E6F1}"
EndProject
Project("{9A19103F-16F7-4668-BE54-9A1E7A4F7556}") = "UnitOfWork", "..\UnitOfWork\UnitOfWork.csproj", "{DF434276-5EF5-4A31-B1B9-7CC0722E0E6F}"
EndProject
Project("{9A19103F-16F7-4668-BE54-9A1E7A4F7556}") = "Service", "..\Service\Service.csproj", "{7C7E36FE-FC47-4FD5-9864-5C7FF97ADFF9}"
EndProject
Project("{9A19103F-16F7-4668-BE54-9A1E7A4F7556}") = "Common", "..\Common\Common.csproj", "{64033577-5745-4888-81A1-43A4CB370319}"
EndProject
Project("{9A19103F-16F7-4668-BE54-9A1E7A4F7556}") = "QLCC.Services", "..\QLCC.Services\QLCC.Services.csproj", "{7257F882-EEF8-4EEC-9923-57DFFCF9E996}"
EndProject
Project("{9A19103F-16F7-4668-BE54-9A1E7A4F7556}") = "QLCC.WebApi", "..\QLCC.WebApi\QLCC.WebApi.csproj", "{543E6A57-7B47-43E6-99B2-6BC7378D91B9}"
EndProject
Project("{9344BDBB-3E7F-41FC-A0DD-8665D75EE146}") = "QLCC", "QLCC.csproj", "{43DFADE7-957D-448E-BA25-DE95CACA483B}"
EndProject
Global
	GlobalSection(SolutionConfigurationPlatforms) = preSolution
		Debug|Any CPU = Debug|Any CPU
		Release|Any CPU = Release|Any CPU
	EndGlobalSection
	GlobalSection(ProjectConfigurationPlatforms) = postSolution
		{8D703456-778A-4A43-AC1B-6BABF8679CFE}.Debug|Any CPU.ActiveCfg = Debug|Any CPU
		{8D703456-778A-4A43-AC1B-6BABF8679CFE}.Debug|Any CPU.Build.0 = Debug|Any CPU
		{8D703456-778A-4A43-AC1B-6BABF8679CFE}.Release|Any CPU.ActiveCfg = Release|Any CPU
		{8D703456-778A-4A43-AC1B-6BABF8679CFE}.Release|Any CPU.Build.0 = Release|Any CPU
		{4A15C17B-AD1C-4322-968B-7591FAF83364}.Debug|Any CPU.ActiveCfg = Debug|Any CPU
		{4A15C17B-AD1C-4322-968B-7591FAF83364}.Debug|Any CPU.Build.0 = Debug|Any CPU
		{4A15C17B-AD1C-4322-968B-7591FAF83364}.Release|Any CPU.ActiveCfg = Release|Any CPU
		{4A15C17B-AD1C-4322-968B-7591FAF83364}.Release|Any CPU.Build.0 = Release|Any CPU
		{438232FD-D89B-41AA-A211-5FC31FA5E6F1}.Debug|Any CPU.ActiveCfg = Debug|Any CPU
		{438232FD-D89B-41AA-A211-5FC31FA5E6F1}.Debug|Any CPU.Build.0 = Debug|Any CPU
		{438232FD-D89B-41AA-A211-5FC31FA5E6F1}.Release|Any CPU.ActiveCfg = Release|Any CPU
		{438232FD-D89B-41AA-A211-5FC31FA5E6F1}.Release|Any CPU.Build.0 = Release|Any CPU
		{DF434276-5EF5-4A31-B1B9-7CC0722E0E6F}.Debug|Any CPU.ActiveCfg = Debug|Any CPU
		{DF434276-5EF5-4A31-B1B9-7CC0722E0E6F}.Debug|Any CPU.Build.0 = Debug|Any CPU
		{DF434276-5EF5-4A31-B1B9-7CC0722E0E6F}.Release|Any CPU.ActiveCfg = Release|Any CPU
		{DF434276-5EF5-4A31-B1B9-7CC0722E0E6F}.Release|Any CPU.Build.0 = Release|Any CPU
		{7C7E36FE-FC47-4FD5-9864-5C7FF97ADFF9}.Debug|Any CPU.ActiveCfg = Debug|Any CPU
		{7C7E36FE-FC47-4FD5-9864-5C7FF97ADFF9}.Debug|Any CPU.Build.0 = Debug|Any CPU
		{7C7E36FE-FC47-4FD5-9864-5C7FF97ADFF9}.Release|Any CPU.ActiveCfg = Release|Any CPU
		{7C7E36FE-FC47-4FD5-9864-5C7FF97ADFF9}.Release|Any CPU.Build.0 = Release|Any CPU
		{64033577-5745-4888-81A1-43A4CB370319}.Debug|Any CPU.ActiveCfg = Debug|Any CPU
		{64033577-5745-4888-81A1-43A4CB370319}.Debug|Any CPU.Build.0 = Debug|Any CPU
		{64033577-5745-4888-81A1-43A4CB370319}.Release|Any CPU.ActiveCfg = Release|Any CPU
		{64033577-5745-4888-81A1-43A4CB370319}.Release|Any CPU.Build.0 = Release|Any CPU
		{7257F882-EEF8-4EEC-9923-57DFFCF9E996}.Debug|Any CPU.ActiveCfg = Debug|Any CPU
		{7257F882-EEF8-4EEC-9923-57DFFCF9E996}.Debug|Any CPU.Build.0 = Debug|Any CPU
		{7257F882-EEF8-4EEC-9923-57DFFCF9E996}.Release|Any CPU.ActiveCfg = Release|Any CPU
		{7257F882-EEF8-4EEC-9923-57DFFCF9E996}.Release|Any CPU.Build.0 = Release|Any CPU
		{543E6A57-7B47-43E6-99B2-6BC7378D91B9}.Debug|Any CPU.ActiveCfg = Debug|Any CPU
		{543E6A57-7B47-43E6-99B2-6BC7378D91B9}.Debug|Any CPU.Build.0 = Debug|Any CPU
		{543E6A57-7B47-43E6-99B2-6BC7378D91B9}.Release|Any CPU.ActiveCfg = Release|Any CPU
		{543E6A57-7B47-43E6-99B2-6BC7378D91B9}.Release|Any CPU.Build.0 = Release|Any CPU
		{43DFADE7-957D-448E-BA25-DE95CACA483B}.Debug|Any CPU.ActiveCfg = Debug|Any CPU
		{43DFADE7-957D-448E-BA25-DE95CACA483B}.Debug|Any CPU.Build.0 = Debug|Any CPU
		{43DFADE7-957D-448E-BA25-DE95CACA483B}.Release|Any CPU.ActiveCfg = Release|Any CPU
		{43DFADE7-957D-448E-BA25-DE95CACA483B}.Release|Any CPU.Build.0 = Release|Any CPU
	EndGlobalSection
	GlobalSection(SolutionProperties) = preSolution
		HideSolutionNode = FALSE
	EndGlobalSection
	GlobalSection(NestedProjects) = preSolution
		{438232FD-D89B-41AA-A211-5FC31FA5E6F1} = {9E1EB8C9-BCDE-4C1A-A6C2-827A4548FB44}
		{DF434276-5EF5-4A31-B1B9-7CC0722E0E6F} = {9E1EB8C9-BCDE-4C1A-A6C2-827A4548FB44}
		{7C7E36FE-FC47-4FD5-9864-5C7FF97ADFF9} = {9E1EB8C9-BCDE-4C1A-A6C2-827A4548FB44}
		{64033577-5745-4888-81A1-43A4CB370319} = {9E1EB8C9-BCDE-4C1A-A6C2-827A4548FB44}
	EndGlobalSection
	GlobalSection(ExtensibilityGlobals) = postSolution
		SolutionGuid = {B3AA484B-D0EA-403F-BF31-E9864CE444E3}
	EndGlobalSection
EndGlobal
